
Microsoft Visual Studio Solution File, Format Version 12.00
# Visual Studio Version 17
VisualStudioVersion = 17.7.34018.315
MinimumVisualStudioVersion = 10.0.40219.1
Project("{FAE04EC0-301F-11D3-BF4B-00C04F79EFBC}") = "Uppgift3.3", "Uppgift3.3\Uppgift3.3.csproj", "{49E46851-B83E-4312-B97A-9B813A2E2B5D}"
EndProject
Global
	GlobalSection(SolutionConfigurationPlatforms) = preSolution
		Debug|Any CPU = Debug|Any CPU
		Release|Any CPU = Release|Any CPU
	EndGlobalSection
	GlobalSection(ProjectConfigurationPlatforms) = postSolution
		{49E46851-B83E-4312-B97A-9B813A2E2B5D}.Debug|Any CPU.ActiveCfg = Debug|Any CPU
		{49E46851-B83E-4312-B97A-9B813A2E2B5D}.Debug|Any CPU.Build.0 = Debug|Any CPU
		{49E46851-B83E-4312-B97A-9B813A2E2B5D}.Release|Any CPU.ActiveCfg = Release|Any CPU
		{49E46851-B83E-4312-B97A-9B813A2E2B5D}.Release|Any CPU.Build.0 = Release|Any CPU
	EndGlobalSection
	GlobalSection(SolutionProperties) = preSolution
		HideSolutionNode = FALSE
	EndGlobalSection
	GlobalSection(ExtensibilityGlobals) = postSolution
		SolutionGuid = {1831DD4A-6A14-4F94-82D9-90044FC2B265}
	EndGlobalSection
EndGlobal
